
Microsoft Visual Studio Solution File, Format Version 12.00
# Visual Studio Version 17
VisualStudioVersion = 17.5.002.0
MinimumVisualStudioVersion = 10.0.40219.1
Project("{9A19103F-16F7-4668-BE54-9A1E7A4F7556}") = "sampleAPI", "sampleAPI.csproj", "{AC34FD14-0631-426B-8AAF-9A3F633D63DD}"
EndProject
Global
	GlobalSection(SolutionConfigurationPlatforms) = preSolution
		Debug|Any CPU = Debug|Any CPU
		Release|Any CPU = Release|Any CPU
	EndGlobalSection
	GlobalSection(ProjectConfigurationPlatforms) = postSolution
		{AC34FD14-0631-426B-8AAF-9A3F633D63DD}.Debug|Any CPU.ActiveCfg = Debug|Any CPU
		{AC34FD14-0631-426B-8AAF-9A3F633D63DD}.Debug|Any CPU.Build.0 = Debug|Any CPU
		{AC34FD14-0631-426B-8AAF-9A3F633D63DD}.Release|Any CPU.ActiveCfg = Release|Any CPU
		{AC34FD14-0631-426B-8AAF-9A3F633D63DD}.Release|Any CPU.Build.0 = Release|Any CPU
	EndGlobalSection
	GlobalSection(SolutionProperties) = preSolution
		HideSolutionNode = FALSE
	EndGlobalSection
	GlobalSection(ExtensibilityGlobals) = postSolution
		SolutionGuid = {CB25BA7E-7765-4160-A4AA-698BB7524E14}
	EndGlobalSection
EndGlobal
